
Microsoft Visual Studio Solution File, Format Version 12.00
# Visual Studio Version 17
VisualStudioVersion = 17.0.32112.339
MinimumVisualStudioVersion = 10.0.40219.1
Project("{FAE04EC0-301F-11D3-BF4B-00C04F79EFBC}") = "PROJECTCOLLEGE", "WindowsFormsApp1\PROJECTCOLLEGE.csproj", "{28D56078-120E-4C37-A6F6-93C09BAB1727}"
EndProject
Global
	GlobalSection(SolutionConfigurationPlatforms) = preSolution
		Debug|Any CPU = Debug|Any CPU
		Release|Any CPU = Release|Any CPU
	EndGlobalSection
	GlobalSection(ProjectConfigurationPlatforms) = postSolution
		{28D56078-120E-4C37-A6F6-93C09BAB1727}.Debug|Any CPU.ActiveCfg = Debug|Any CPU
		{28D56078-120E-4C37-A6F6-93C09BAB1727}.Debug|Any CPU.Build.0 = Debug|Any CPU
		{28D56078-120E-4C37-A6F6-93C09BAB1727}.Release|Any CPU.ActiveCfg = Release|Any CPU
		{28D56078-120E-4C37-A6F6-93C09BAB1727}.Release|Any CPU.Build.0 = Release|Any CPU
	EndGlobalSection
	GlobalSection(SolutionProperties) = preSolution
		HideSolutionNode = FALSE
	EndGlobalSection
	GlobalSection(ExtensibilityGlobals) = postSolution
		SolutionGuid = {680406BA-42BB-4E04-9DB2-8C4DA7D658C6}
	EndGlobalSection
EndGlobal
